
Microsoft Visual Studio Solution File, Format Version 12.00
# Visual Studio Version 16
VisualStudioVersion = 16.0.28803.156
MinimumVisualStudioVersion = 10.0.40219.1
Project("{FAE04EC0-301F-11D3-BF4B-00C04F79EFBC}") = "JsonParse", "JsonParse\JsonParse.csproj", "{4FA1DF44-9855-4501-B8F5-464374DA6A55}"
EndProject
Global
	GlobalSection(SolutionConfigurationPlatforms) = preSolution
		Debug|Any CPU = Debug|Any CPU
		Release|Any CPU = Release|Any CPU
	EndGlobalSection
	GlobalSection(ProjectConfigurationPlatforms) = postSolution
		{4FA1DF44-9855-4501-B8F5-464374DA6A55}.Debug|Any CPU.ActiveCfg = Debug|Any CPU
		{4FA1DF44-9855-4501-B8F5-464374DA6A55}.Debug|Any CPU.Build.0 = Debug|Any CPU
		{4FA1DF44-9855-4501-B8F5-464374DA6A55}.Release|Any CPU.ActiveCfg = Release|Any CPU
		{4FA1DF44-9855-4501-B8F5-464374DA6A55}.Release|Any CPU.Build.0 = Release|Any CPU
	EndGlobalSection
	GlobalSection(SolutionProperties) = preSolution
		HideSolutionNode = FALSE
	EndGlobalSection
	GlobalSection(ExtensibilityGlobals) = postSolution
		SolutionGuid = {AF7C9B48-CEFF-4B5E-B833-B178C3A06ECA}
	EndGlobalSection
EndGlobal
